
Microsoft Visual Studio Solution File, Format Version 12.00
# Visual Studio Version 16
VisualStudioVersion = 16.0.32929.386
MinimumVisualStudioVersion = 10.0.40219.1
Project("{FAE04EC0-301F-11D3-BF4B-00C04F79EFBC}") = "ConvergenceRandomizer", "ConvergenceRandomizer\ConvergenceRandomizer.csproj", "{9630078A-63F6-44AC-B74D-18B62D5C8C18}"
EndProject
Project("{FAE04EC0-301F-11D3-BF4B-00C04F79EFBC}") = "Randomizer", "Randomizer\Randomizer.csproj", "{A2692A16-038E-4FE9-889F-A48C8F793C7B}"
EndProject
Project("{2150E333-8FDC-42A3-9474-1A3956D46DE8}") = "Data", "Data", "{0C225857-846C-465F-A3DD-F0F2FB876465}"
EndProject
Global
	GlobalSection(SolutionConfigurationPlatforms) = preSolution
		Debug|Any CPU = Debug|Any CPU
		Release|Any CPU = Release|Any CPU
	EndGlobalSection
	GlobalSection(ProjectConfigurationPlatforms) = postSolution
		{9630078A-63F6-44AC-B74D-18B62D5C8C18}.Debug|Any CPU.ActiveCfg = Debug|Any CPU
		{9630078A-63F6-44AC-B74D-18B62D5C8C18}.Debug|Any CPU.Build.0 = Debug|Any CPU
		{9630078A-63F6-44AC-B74D-18B62D5C8C18}.Release|Any CPU.ActiveCfg = Release|Any CPU
		{9630078A-63F6-44AC-B74D-18B62D5C8C18}.Release|Any CPU.Build.0 = Release|Any CPU
		{A2692A16-038E-4FE9-889F-A48C8F793C7B}.Debug|Any CPU.ActiveCfg = Debug|Any CPU
		{A2692A16-038E-4FE9-889F-A48C8F793C7B}.Debug|Any CPU.Build.0 = Debug|Any CPU
		{A2692A16-038E-4FE9-889F-A48C8F793C7B}.Release|Any CPU.ActiveCfg = Release|Any CPU
		{A2692A16-038E-4FE9-889F-A48C8F793C7B}.Release|Any CPU.Build.0 = Release|Any CPU
	EndGlobalSection
	GlobalSection(SolutionProperties) = preSolution
		HideSolutionNode = FALSE
	EndGlobalSection
	GlobalSection(ExtensibilityGlobals) = postSolution
		SolutionGuid = {B3DF0A10-5463-4459-B773-6F10D7699FC3}
	EndGlobalSection
EndGlobal
